
Microsoft Visual Studio Solution File, Format Version 12.00
# Visual Studio Version 17
VisualStudioVersion = 17.8.34322.80
MinimumVisualStudioVersion = 10.0.40219.1
Project("{FAE04EC0-301F-11D3-BF4B-00C04F79EFBC}") = "WindowEditor", "WindowEditor.csproj", "{7C271B6C-A45B-4FB7-B489-DF5AF49B07AA}"
EndProject
Global
	GlobalSection(SolutionConfigurationPlatforms) = preSolution
		Debug|Any CPU = Debug|Any CPU
		Release|Any CPU = Release|Any CPU
	EndGlobalSection
	GlobalSection(ProjectConfigurationPlatforms) = postSolution
		{7C271B6C-A45B-4FB7-B489-DF5AF49B07AA}.Debug|Any CPU.ActiveCfg = Debug|Any CPU
		{7C271B6C-A45B-4FB7-B489-DF5AF49B07AA}.Debug|Any CPU.Build.0 = Debug|Any CPU
		{7C271B6C-A45B-4FB7-B489-DF5AF49B07AA}.Release|Any CPU.ActiveCfg = Release|Any CPU
		{7C271B6C-A45B-4FB7-B489-DF5AF49B07AA}.Release|Any CPU.Build.0 = Release|Any CPU
	EndGlobalSection
	GlobalSection(SolutionProperties) = preSolution
		HideSolutionNode = FALSE
	EndGlobalSection
	GlobalSection(ExtensibilityGlobals) = postSolution
		SolutionGuid = {37CADE94-8F58-4B44-937D-F8499CB7FF0D}
	EndGlobalSection
EndGlobal
